
Microsoft Visual Studio Solution File, Format Version 12.00
# Visual Studio Version 16
VisualStudioVersion = 16.0.31424.327
MinimumVisualStudioVersion = 10.0.40219.1
Project("{FAE04EC0-301F-11D3-BF4B-00C04F79EFBC}") = "Oficina6.1", "Oficina6.1\Oficina6.1.csproj", "{CE0C342D-2888-4A2A-8F6A-48EFF7FF3700}"
EndProject
Global
	GlobalSection(SolutionConfigurationPlatforms) = preSolution
		Debug|Any CPU = Debug|Any CPU
		Release|Any CPU = Release|Any CPU
	EndGlobalSection
	GlobalSection(ProjectConfigurationPlatforms) = postSolution
		{CE0C342D-2888-4A2A-8F6A-48EFF7FF3700}.Debug|Any CPU.ActiveCfg = Debug|Any CPU
		{CE0C342D-2888-4A2A-8F6A-48EFF7FF3700}.Debug|Any CPU.Build.0 = Debug|Any CPU
		{CE0C342D-2888-4A2A-8F6A-48EFF7FF3700}.Release|Any CPU.ActiveCfg = Release|Any CPU
		{CE0C342D-2888-4A2A-8F6A-48EFF7FF3700}.Release|Any CPU.Build.0 = Release|Any CPU
	EndGlobalSection
	GlobalSection(SolutionProperties) = preSolution
		HideSolutionNode = FALSE
	EndGlobalSection
	GlobalSection(ExtensibilityGlobals) = postSolution
		SolutionGuid = {931F57BA-BCA3-49B9-94A3-B038AE016855}
	EndGlobalSection
EndGlobal
