
Microsoft Visual Studio Solution File, Format Version 12.00
# Visual Studio Version 16
VisualStudioVersion = 16.0.31321.278
MinimumVisualStudioVersion = 10.0.40219.1
Project("{FAE04EC0-301F-11D3-BF4B-00C04F79EFBC}") = "Oficina2.2", "Oficina2.2.csproj", "{D8A78308-66E8-4FD3-8436-6C3C0BEFA694}"
EndProject
Global
	GlobalSection(SolutionConfigurationPlatforms) = preSolution
		Debug|Any CPU = Debug|Any CPU
		Release|Any CPU = Release|Any CPU
	EndGlobalSection
	GlobalSection(ProjectConfigurationPlatforms) = postSolution
		{D8A78308-66E8-4FD3-8436-6C3C0BEFA694}.Debug|Any CPU.ActiveCfg = Debug|Any CPU
		{D8A78308-66E8-4FD3-8436-6C3C0BEFA694}.Debug|Any CPU.Build.0 = Debug|Any CPU
		{D8A78308-66E8-4FD3-8436-6C3C0BEFA694}.Release|Any CPU.ActiveCfg = Release|Any CPU
		{D8A78308-66E8-4FD3-8436-6C3C0BEFA694}.Release|Any CPU.Build.0 = Release|Any CPU
	EndGlobalSection
	GlobalSection(SolutionProperties) = preSolution
		HideSolutionNode = FALSE
	EndGlobalSection
	GlobalSection(ExtensibilityGlobals) = postSolution
		SolutionGuid = {32A8A80D-38AD-4D92-A620-0229E528505D}
	EndGlobalSection
EndGlobal
